
Microsoft Visual Studio Solution File, Format Version 12.00
# Visual Studio Version 16
VisualStudioVersion = 16.0.31729.503
MinimumVisualStudioVersion = 10.0.40219.1
Project("{FAE04EC0-301F-11D3-BF4B-00C04F79EFBC}") = "tic-tac-toe-2", "tic-tac-toe-2.csproj", "{50F76A20-7CFC-40F0-BBCB-6FBC35515319}"
EndProject
Global
	GlobalSection(SolutionConfigurationPlatforms) = preSolution
		Debug|Any CPU = Debug|Any CPU
		Release|Any CPU = Release|Any CPU
	EndGlobalSection
	GlobalSection(ProjectConfigurationPlatforms) = postSolution
		{50F76A20-7CFC-40F0-BBCB-6FBC35515319}.Debug|Any CPU.ActiveCfg = Debug|Any CPU
		{50F76A20-7CFC-40F0-BBCB-6FBC35515319}.Debug|Any CPU.Build.0 = Debug|Any CPU
		{50F76A20-7CFC-40F0-BBCB-6FBC35515319}.Release|Any CPU.ActiveCfg = Release|Any CPU
		{50F76A20-7CFC-40F0-BBCB-6FBC35515319}.Release|Any CPU.Build.0 = Release|Any CPU
	EndGlobalSection
	GlobalSection(SolutionProperties) = preSolution
		HideSolutionNode = FALSE
	EndGlobalSection
	GlobalSection(ExtensibilityGlobals) = postSolution
		SolutionGuid = {80037FE7-633A-4AE7-B724-17FDC7B0572B}
	EndGlobalSection
EndGlobal
